
Microsoft Visual Studio Solution File, Format Version 12.00
# Visual Studio Version 17
VisualStudioVersion = 17.14.36310.24 d17.14
MinimumVisualStudioVersion = 10.0.40219.1
Project("{FAE04EC0-301F-11D3-BF4B-00C04F79EFBC}") = "GitFit.Api", "GitFit.Api.csproj", "{0446B017-0C70-42BB-B974-BC99CF8BD127}"
EndProject
Global
	GlobalSection(SolutionConfigurationPlatforms) = preSolution
		Debug|Any CPU = Debug|Any CPU
		Release|Any CPU = Release|Any CPU
	EndGlobalSection
	GlobalSection(ProjectConfigurationPlatforms) = postSolution
		{0446B017-0C70-42BB-B974-BC99CF8BD127}.Debug|Any CPU.ActiveCfg = Debug|Any CPU
		{0446B017-0C70-42BB-B974-BC99CF8BD127}.Debug|Any CPU.Build.0 = Debug|Any CPU
		{0446B017-0C70-42BB-B974-BC99CF8BD127}.Release|Any CPU.ActiveCfg = Release|Any CPU
		{0446B017-0C70-42BB-B974-BC99CF8BD127}.Release|Any CPU.Build.0 = Release|Any CPU
	EndGlobalSection
	GlobalSection(SolutionProperties) = preSolution
		HideSolutionNode = FALSE
	EndGlobalSection
	GlobalSection(ExtensibilityGlobals) = postSolution
		SolutionGuid = {B36A5315-ADF8-4442-BCCE-6954F61AB056}
	EndGlobalSection
EndGlobal
